
Microsoft Visual Studio Solution File, Format Version 12.00
# Visual Studio Version 17
VisualStudioVersion = 17.14.37111.16 d17.14
MinimumVisualStudioVersion = 10.0.40219.1
Project("{FAE04EC0-301F-11D3-BF4B-00C04F79EFBC}") = "LilyMarket", "LilyMarket\LilyMarket.csproj", "{EBE644DB-FF9C-4FC7-89BA-1F08CD7D7447}"
EndProject
Global
	GlobalSection(SolutionConfigurationPlatforms) = preSolution
		Debug|Any CPU = Debug|Any CPU
		Release|Any CPU = Release|Any CPU
	EndGlobalSection
	GlobalSection(ProjectConfigurationPlatforms) = postSolution
		{EBE644DB-FF9C-4FC7-89BA-1F08CD7D7447}.Debug|Any CPU.ActiveCfg = Debug|Any CPU
		{EBE644DB-FF9C-4FC7-89BA-1F08CD7D7447}.Debug|Any CPU.Build.0 = Debug|Any CPU
		{EBE644DB-FF9C-4FC7-89BA-1F08CD7D7447}.Release|Any CPU.ActiveCfg = Release|Any CPU
		{EBE644DB-FF9C-4FC7-89BA-1F08CD7D7447}.Release|Any CPU.Build.0 = Release|Any CPU
	EndGlobalSection
	GlobalSection(SolutionProperties) = preSolution
		HideSolutionNode = FALSE
	EndGlobalSection
	GlobalSection(ExtensibilityGlobals) = postSolution
		SolutionGuid = {D37DA336-9CA8-4B09-8DB8-7355C6BDC99D}
	EndGlobalSection
EndGlobal
